
Microsoft Visual Studio Solution File, Format Version 11.00
# Visual Studio 2010
Project("{FAE04EC0-301F-11D3-BF4B-00C04F79EFBC}") = "TeamWorks.Core", "TeamWorks.Core\TeamWorks.Core.csproj", "{856B2C69-D822-428C-B6D3-351075173D5F}"
EndProject
Project("{FAE04EC0-301F-11D3-BF4B-00C04F79EFBC}") = "TeamWorks.Web", "TeamWorks.Web\TeamWorks.Web.csproj", "{5276C888-F1AA-4F63-BC1E-BBF322EC43B2}"
EndProject
Global
	GlobalSection(SolutionConfigurationPlatforms) = preSolution
		Debug|Any CPU = Debug|Any CPU
		Release|Any CPU = Release|Any CPU
	EndGlobalSection
	GlobalSection(ProjectConfigurationPlatforms) = postSolution
		{856B2C69-D822-428C-B6D3-351075173D5F}.Debug|Any CPU.ActiveCfg = Debug|Any CPU
		{856B2C69-D822-428C-B6D3-351075173D5F}.Debug|Any CPU.Build.0 = Debug|Any CPU
		{856B2C69-D822-428C-B6D3-351075173D5F}.Release|Any CPU.ActiveCfg = Release|Any CPU
		{856B2C69-D822-428C-B6D3-351075173D5F}.Release|Any CPU.Build.0 = Release|Any CPU
		{5276C888-F1AA-4F63-BC1E-BBF322EC43B2}.Debug|Any CPU.ActiveCfg = Debug|Any CPU
		{5276C888-F1AA-4F63-BC1E-BBF322EC43B2}.Debug|Any CPU.Build.0 = Debug|Any CPU
		{5276C888-F1AA-4F63-BC1E-BBF322EC43B2}.Release|Any CPU.ActiveCfg = Release|Any CPU
		{5276C888-F1AA-4F63-BC1E-BBF322EC43B2}.Release|Any CPU.Build.0 = Release|Any CPU
	EndGlobalSection
	GlobalSection(SolutionProperties) = preSolution
		HideSolutionNode = FALSE
	EndGlobalSection
EndGlobal
